
Microsoft Visual Studio Solution File, Format Version 12.00
# Visual Studio 15
VisualStudioVersion = 15.0.28307.779
MinimumVisualStudioVersion = 10.0.40219.1
Project("{8BC9CEB8-8B4A-11D0-8D11-00A0C91BC942}") = "ParticleSystem", "ParticleSystem\ParticleApp.vcxproj", "{09786338-A338-4CD8-B9D1-0C38B5C1850A}"
EndProject
Global
	GlobalSection(SolutionConfigurationPlatforms) = preSolution
		Debug|x64 = Debug|x64
		Debug|x86 = Debug|x86
		Release|x64 = Release|x64
		Release|x86 = Release|x86
	EndGlobalSection
	GlobalSection(ProjectConfigurationPlatforms) = postSolution
		{09786338-A338-4CD8-B9D1-0C38B5C1850A}.Debug|x64.ActiveCfg = Debug|x64
		{09786338-A338-4CD8-B9D1-0C38B5C1850A}.Debug|x64.Build.0 = Debug|x64
		{09786338-A338-4CD8-B9D1-0C38B5C1850A}.Debug|x86.ActiveCfg = Debug|Win32
		{09786338-A338-4CD8-B9D1-0C38B5C1850A}.Debug|x86.Build.0 = Debug|Win32
		{09786338-A338-4CD8-B9D1-0C38B5C1850A}.Release|x64.ActiveCfg = Release|x64
		{09786338-A338-4CD8-B9D1-0C38B5C1850A}.Release|x64.Build.0 = Release|x64
		{09786338-A338-4CD8-B9D1-0C38B5C1850A}.Release|x86.ActiveCfg = Release|Win32
		{09786338-A338-4CD8-B9D1-0C38B5C1850A}.Release|x86.Build.0 = Release|Win32
	EndGlobalSection
	GlobalSection(SolutionProperties) = preSolution
		HideSolutionNode = FALSE
	EndGlobalSection
	GlobalSection(ExtensibilityGlobals) = postSolution
		SolutionGuid = {3E3C3103-67C2-4123-8F43-7E11754B01D0}
	EndGlobalSection
EndGlobal
